{
  "name": "DoggyDayCareAppFolder",
  "lockfileVersion": 3,
  "requires": true,
  "packages": {
    "": {
      "name": "DoggyDayCareAppFolder",
      "dependencies": {
        "angular2-jwt": "^0.1.13",
        "bootstrap": "^5.3.2",
        "bootstrap-icons": "^1.11.1"
      }
    },
    "node_modules/@popperjs/core": {
      "version": "2.11.8",
      "resolved": "https://registry.npmjs.org/@popperjs/core/-/core-2.11.8.tgz",
      "integrity": "sha512-P1st0aksCrn9sGZhp8GMYwBnQsbvAWsZAX44oXNNvLHGqAOcoVxmjZiohstwQ7SqKnbR47akdNi+uleWD8+g6A==",
      "peer": true,
      "funding": {
        "type": "opencollective",
        "url": "https://opencollective.com/popperjs"
      }
    },
    "node_modules/angular2": {
      "version": "2.0.0-beta.21",
      "resolved": "https://registry.npmjs.org/angular2/-/angular2-2.0.0-beta.21.tgz",
      "integrity": "sha512-J2jImQLsyDWW/gU9vjRVxxdl1Sp+m8KM7PR3K6ggy0JtRn27dUHIWCY6F3U28t+aUIFc5Wid0ULKUes7Fz89ig==",
      "deprecated": "This version of Angular has been deprecated. Use @angular/core instead.",
      "peerDependencies": {
        "es6-shim": "^0.35.0",
        "reflect-metadata": "0.1.2",
        "rxjs": "5.0.0-beta.6",
        "zone.js": "^0.6.12"
      }
    },
    "node_modules/angular2-jwt": {
      "version": "0.1.13",
      "resolved": "https://registry.npmjs.org/angular2-jwt/-/angular2-jwt-0.1.13.tgz",
      "integrity": "sha512-PdPS66DXbA+bikcziJRO/hNg/SsalT17t455SMrNadLb+kWieWuXjfUPFwAXjcHgz4zG+pZJw109Sc08XJZ/VQ==",
      "dependencies": {
        "angular2": ">=2.0.0-beta.12",
        "es6-shim": "^0.35.0",
        "reflect-metadata": "0.1.2",
        "rxjs": "5.0.0-beta.2",
        "zone.js": "^0.6.6"
      }
    },
    "node_modules/angular2-jwt/node_modules/rxjs": {
      "version": "5.0.0-beta.2",
      "resolved": "https://registry.npmjs.org/rxjs/-/rxjs-5.0.0-beta.2.tgz",
      "integrity": "sha512-Wf2JtADK/hBMHBtojIMJ8OWb/YOEFpxwImxQ+m2foDNXzklEan52dwTjlFuwWoBEN0jA6AF7HgshhXJBmhtBsQ==",
      "engines": {
        "npm": ">=2.0.0"
      }
    },
    "node_modules/bootstrap": {
      "version": "5.3.2",
      "resolved": "https://registry.npmjs.org/bootstrap/-/bootstrap-5.3.2.tgz",
      "integrity": "sha512-D32nmNWiQHo94BKHLmOrdjlL05q1c8oxbtBphQFb9Z5to6eGRDCm0QgeaZ4zFBHzfg2++rqa2JkqCcxDy0sH0g==",
      "funding": [
        {
          "type": "github",
          "url": "https://github.com/sponsors/twbs"
        },
        {
          "type": "opencollective",
          "url": "https://opencollective.com/bootstrap"
        }
      ],
      "peerDependencies": {
        "@popperjs/core": "^2.11.8"
      }
    },
    "node_modules/bootstrap-icons": {
      "version": "1.11.1",
      "resolved": "https://registry.npmjs.org/bootstrap-icons/-/bootstrap-icons-1.11.1.tgz",
      "integrity": "sha512-F0DDp7nKUX+x/QtpfRZ+XHFya60ng9nfdpdS59vDDfs4Uhuxp7zym/QavMsu/xx51txkoM9eVmpE7D08N35blw==",
      "funding": [
        {
          "type": "github",
          "url": "https://github.com/sponsors/twbs"
        },
        {
          "type": "opencollective",
          "url": "https://opencollective.com/bootstrap"
        }
      ]
    },
    "node_modules/es6-shim": {
      "version": "0.35.8",
      "resolved": "https://registry.npmjs.org/es6-shim/-/es6-shim-0.35.8.tgz",
      "integrity": "sha512-Twf7I2v4/1tLoIXMT8HlqaBSS5H2wQTs2wx3MNYCI8K1R1/clXyCazrcVCPm/FuO9cyV8+leEaZOWD5C253NDg=="
    },
    "node_modules/reflect-metadata": {
      "version": "0.1.2",
      "resolved": "https://registry.npmjs.org/reflect-metadata/-/reflect-metadata-0.1.2.tgz",
      "integrity": "sha512-q07DSHTkZtUowt0GxxVOLWao7zUsiUEwYWE6wOopRT3W4i1ASPlMcIkOmNgwTPJT9PV7GV/ZSy6JVBd7pie1lg=="
    },
    "node_modules/rxjs": {
      "version": "5.0.0-beta.6",
      "resolved": "https://registry.npmjs.org/rxjs/-/rxjs-5.0.0-beta.6.tgz",
      "integrity": "sha512-mbvIHQ6qutECitRARuX+hPx25I9+8hzQmF+/jHRgX2s1bY3lm++xr/VdKWf6uSK4AGHkhKRZ8ZUzQ53a8SzIvQ==",
      "peer": true,
      "engines": {
        "npm": ">=2.0.0"
      }
    },
    "node_modules/zone.js": {
      "version": "0.6.26",
      "resolved": "https://registry.npmjs.org/zone.js/-/zone.js-0.6.26.tgz",
      "integrity": "sha512-SjtJJxWD81baZLEHJ02QUoqgnYTsWpAD/C2meVzeyM615deJPOm7BJxYRRpwuP7XsqeDXnJG1HP5odS1VPBa3w=="
    }
  }
}
